
Microsoft Visual Studio Solution File, Format Version 12.00
Project("{FAE04EC0-301F-11D3-BF4B-00C04F79EFBC}") = "Lesson04", "Lesson04.csproj", "{7D51A640-4CD1-48B5-B333-7E61E748C663}"
EndProject
Global
	GlobalSection(SolutionConfigurationPlatforms) = preSolution
		Debug|Any CPU = Debug|Any CPU
		Release|Any CPU = Release|Any CPU
	EndGlobalSection
	GlobalSection(ProjectConfigurationPlatforms) = postSolution
		{7D51A640-4CD1-48B5-B333-7E61E748C663}.Debug|Any CPU.ActiveCfg = Debug|Any CPU
		{7D51A640-4CD1-48B5-B333-7E61E748C663}.Debug|Any CPU.Build.0 = Debug|Any CPU
		{7D51A640-4CD1-48B5-B333-7E61E748C663}.Release|Any CPU.ActiveCfg = Release|Any CPU
		{7D51A640-4CD1-48B5-B333-7E61E748C663}.Release|Any CPU.Build.0 = Release|Any CPU
	EndGlobalSection
EndGlobal
