
Microsoft Visual Studio Solution File, Format Version 12.00
Project("{FAE04EC0-301F-11D3-BF4B-00C04F79EFBC}") = "Lesson10", "Lesson10.csproj", "{FB3A8EAC-E63A-401F-8429-BF6E0905897D}"
EndProject
Global
	GlobalSection(SolutionConfigurationPlatforms) = preSolution
		Debug|Any CPU = Debug|Any CPU
		Release|Any CPU = Release|Any CPU
	EndGlobalSection
	GlobalSection(ProjectConfigurationPlatforms) = postSolution
		{FB3A8EAC-E63A-401F-8429-BF6E0905897D}.Debug|Any CPU.ActiveCfg = Debug|Any CPU
		{FB3A8EAC-E63A-401F-8429-BF6E0905897D}.Debug|Any CPU.Build.0 = Debug|Any CPU
		{FB3A8EAC-E63A-401F-8429-BF6E0905897D}.Release|Any CPU.ActiveCfg = Release|Any CPU
		{FB3A8EAC-E63A-401F-8429-BF6E0905897D}.Release|Any CPU.Build.0 = Release|Any CPU
	EndGlobalSection
EndGlobal
